
Microsoft Visual Studio Solution File, Format Version 12.00
# Visual Studio 15
VisualStudioVersion = 15.0.28307.960
MinimumVisualStudioVersion = 10.0.40219.1
Project("{9A19103F-16F7-4668-BE54-9A1E7A4F7556}") = "MovieRank", "MovieRank\MovieRank.csproj", "{CFCAEC3D-76E4-4B88-A21C-A256C27BE392}"
EndProject
Project("{9A19103F-16F7-4668-BE54-9A1E7A4F7556}") = "MovieRank.Contracts", "MovieRank.Contracts\MovieRank.Contracts.csproj", "{7A2F924C-2CB2-45C7-9763-89EF608579B8}"
EndProject
Project("{9A19103F-16F7-4668-BE54-9A1E7A4F7556}") = "MovieRank.Libs", "MovieRank.Libs\MovieRank.Libs.csproj", "{5FF69C59-9222-4423-8948-8B7C59FDD638}"
EndProject
Project("{2150E333-8FDC-42A3-9474-1A3956D46DE8}") = "Tests", "Tests", "{921E8FC3-A956-4BA6-A313-E8ADFF550A26}"
EndProject
Project("{FAE04EC0-301F-11D3-BF4B-00C04F79EFBC}") = "MovieRank.Integration.Tests", "MovieRank.Integration.Tests\MovieRank.Integration.Tests.csproj", "{1370A857-7805-49B7-87B8-54AE9F9ADA33}"
EndProject
Global
	GlobalSection(SolutionConfigurationPlatforms) = preSolution
		Debug|Any CPU = Debug|Any CPU
		Release|Any CPU = Release|Any CPU
	EndGlobalSection
	GlobalSection(ProjectConfigurationPlatforms) = postSolution
		{CFCAEC3D-76E4-4B88-A21C-A256C27BE392}.Debug|Any CPU.ActiveCfg = Debug|Any CPU
		{CFCAEC3D-76E4-4B88-A21C-A256C27BE392}.Debug|Any CPU.Build.0 = Debug|Any CPU
		{CFCAEC3D-76E4-4B88-A21C-A256C27BE392}.Release|Any CPU.ActiveCfg = Release|Any CPU
		{CFCAEC3D-76E4-4B88-A21C-A256C27BE392}.Release|Any CPU.Build.0 = Release|Any CPU
		{7A2F924C-2CB2-45C7-9763-89EF608579B8}.Debug|Any CPU.ActiveCfg = Debug|Any CPU
		{7A2F924C-2CB2-45C7-9763-89EF608579B8}.Debug|Any CPU.Build.0 = Debug|Any CPU
		{7A2F924C-2CB2-45C7-9763-89EF608579B8}.Release|Any CPU.ActiveCfg = Release|Any CPU
		{7A2F924C-2CB2-45C7-9763-89EF608579B8}.Release|Any CPU.Build.0 = Release|Any CPU
		{5FF69C59-9222-4423-8948-8B7C59FDD638}.Debug|Any CPU.ActiveCfg = Debug|Any CPU
		{5FF69C59-9222-4423-8948-8B7C59FDD638}.Debug|Any CPU.Build.0 = Debug|Any CPU
		{5FF69C59-9222-4423-8948-8B7C59FDD638}.Release|Any CPU.ActiveCfg = Release|Any CPU
		{5FF69C59-9222-4423-8948-8B7C59FDD638}.Release|Any CPU.Build.0 = Release|Any CPU
		{1370A857-7805-49B7-87B8-54AE9F9ADA33}.Debug|Any CPU.ActiveCfg = Debug|Any CPU
		{1370A857-7805-49B7-87B8-54AE9F9ADA33}.Debug|Any CPU.Build.0 = Debug|Any CPU
		{1370A857-7805-49B7-87B8-54AE9F9ADA33}.Release|Any CPU.ActiveCfg = Release|Any CPU
		{1370A857-7805-49B7-87B8-54AE9F9ADA33}.Release|Any CPU.Build.0 = Release|Any CPU
	EndGlobalSection
	GlobalSection(SolutionProperties) = preSolution
		HideSolutionNode = FALSE
	EndGlobalSection
	GlobalSection(NestedProjects) = preSolution
		{1370A857-7805-49B7-87B8-54AE9F9ADA33} = {921E8FC3-A956-4BA6-A313-E8ADFF550A26}
	EndGlobalSection
	GlobalSection(ExtensibilityGlobals) = postSolution
		SolutionGuid = {D60109BE-11FF-4EEF-9F2F-385D935B5E01}
	EndGlobalSection
EndGlobal
